Microsoft Visual Studio Solution File, Format Version 12.00
# Visual Studio Version 17
VisualStudioVersion = 17.5.2.0
MinimumVisualStudioVersion = 10.0.40219.1
Project("{FAE04EC0-301F-11D3-BF4B-00C04F79EFBC}") = "InventoryManager", "InventoryManager.csproj", "{1C6073AC-5114-1D17-F8FC-23FB194E190F}"
EndProject
Global
	GlobalSection(SolutionConfigurationPlatforms) = preSolution
		Debug|Any CPU = Debug|Any CPU
		Release|Any CPU = Release|Any CPU
	EndGlobalSection
	GlobalSection(ProjectConfigurationPlatforms) = postSolution
		{1C6073AC-5114-1D17-F8FC-23FB194E190F}.Debug|Any CPU.ActiveCfg = Debug|Any CPU
		{1C6073AC-5114-1D17-F8FC-23FB194E190F}.Debug|Any CPU.Build.0 = Debug|Any CPU
		{1C6073AC-5114-1D17-F8FC-23FB194E190F}.Release|Any CPU.ActiveCfg = Release|Any CPU
		{1C6073AC-5114-1D17-F8FC-23FB194E190F}.Release|Any CPU.Build.0 = Release|Any CPU
	EndGlobalSection
	GlobalSection(SolutionProperties) = preSolution
		HideSolutionNode = FALSE
	EndGlobalSection
	GlobalSection(ExtensibilityGlobals) = postSolution
		SolutionGuid = {E2879249-3FC9-4784-B51A-B7778B4A6810}
	EndGlobalSection
EndGlobal
